
Microsoft Visual Studio Solution File, Format Version 12.00
# Visual Studio Version 17
VisualStudioVersion = 17.14.36915.13 d17.14
MinimumVisualStudioVersion = 10.0.40219.1
Project("{FAE04EC0-301F-11D3-BF4B-00C04F79EFBC}") = "GestionBeneficiariosAPI", "GestionBeneficiariosAPI\GestionBeneficiariosAPI.csproj", "{EFC33950-E7D9-4CE1-A23A-F8439A7188D2}"
EndProject
Global
	GlobalSection(SolutionConfigurationPlatforms) = preSolution
		Debug|Any CPU = Debug|Any CPU
		Release|Any CPU = Release|Any CPU
	EndGlobalSection
	GlobalSection(ProjectConfigurationPlatforms) = postSolution
		{EFC33950-E7D9-4CE1-A23A-F8439A7188D2}.Debug|Any CPU.ActiveCfg = Debug|Any CPU
		{EFC33950-E7D9-4CE1-A23A-F8439A7188D2}.Debug|Any CPU.Build.0 = Debug|Any CPU
		{EFC33950-E7D9-4CE1-A23A-F8439A7188D2}.Release|Any CPU.ActiveCfg = Release|Any CPU
		{EFC33950-E7D9-4CE1-A23A-F8439A7188D2}.Release|Any CPU.Build.0 = Release|Any CPU
	EndGlobalSection
	GlobalSection(SolutionProperties) = preSolution
		HideSolutionNode = FALSE
	EndGlobalSection
	GlobalSection(ExtensibilityGlobals) = postSolution
		SolutionGuid = {5563F2B9-5581-4FEA-A289-5E3D42685D0F}
	EndGlobalSection
EndGlobal
